// !$*UTF8*$!
{
	archiveVersion = 1;
	classes = {
	};
	objectVersion = 50;
	objects = {

/* Begin PBXBuildFile section */
		F38BBBD9235D5FB300C087A9 /* WatchNavigation WatchKit App.app in Embed Watch Content */ = {isa = PBXBuildFile; fileRef = F38BBBD8235D5FB300C087A9 /* WatchNavigation WatchKit App.app */; settings = {ATTRIBUTES = (RemoveHeadersOnCopy, ); }; };
		F38BBBDF235D5FB300C087A9 /* Interface.storyboard in Resources */ = {isa = PBXBuildFile; fileRef = F38BBBDD235D5FB300C087A9 /* Interface.storyboard */; };
		F38BBBE1235D5FB500C087A9 /* Assets.xcassets in Resources */ = {isa = PBXBuildFile; fileRef = F38BBBE0235D5FB500C087A9 /* Assets.xcassets */; };
		F38BBBE8235D5FB500C087A9 /* WatchNavigation WatchKit Extension.appex in Embed App Extensions */ = {isa = PBXBuildFile; fileRef = F38BBBE7235D5FB500C087A9 /* WatchNavigation WatchKit Extension.appex */; settings = {ATTRIBUTES = (RemoveHeadersOnCopy, ); }; };
		F38BBBED235D5FB500C087A9 /* InterfaceController.swift in Sources */ = {isa = PBXBuildFile; fileRef = F38BBBEC235D5FB500C087A9 /* InterfaceController.swift */; };
		F38BBBEF235D5FB500C087A9 /* ExtensionDelegate.swift in Sources */ = {isa = PBXBuildFile; fileRef = F38BBBEE235D5FB500C087A9 /* ExtensionDelegate.swift */; };
		F38BBBF1235D5FB500C087A9 /* NotificationController.swift in Sources */ = {isa = PBXBuildFile; fileRef = F38BBBF0235D5FB500C087A9 /* NotificationController.swift */; };
		F38BBBF3235D5FB500C087A9 /* Assets.xcassets in Resources */ = {isa = PBXBuildFile; fileRef = F38BBBF2235D5FB500C087A9 /* Assets.xcassets */; };
/* End PBXBuildFile section */

/* Begin PBXContainerItemProxy section */
		F38BBBDA235D5FB300C087A9 /* PBXContainerItemProxy */ = {
			isa = PBXContainerItemProxy;
			containerPortal = F38BBBCE235D5FB200C087A9 /* Project object */;
			proxyType = 1;
			remoteGlobalIDString = F38BBBD7235D5FB300C087A9;
			remoteInfo = "WatchNavigation WatchKit App";
		};
		F38BBBE9235D5FB500C087A9 /* PBXContainerItemProxy */ = {
			isa = PBXContainerItemProxy;
			containerPortal = F38BBBCE235D5FB200C087A9 /* Project object */;
			proxyType = 1;
			remoteGlobalIDString = F38BBBE6235D5FB500C087A9;
			remoteInfo = "WatchNavigation WatchKit Extension";
		};
/* End PBXContainerItemProxy section */

/* Begin PBXCopyFilesBuildPhase section */
		F38BBBFB235D5FB500C087A9 /* Embed App Extensions */ = {
			isa = PBXCopyFilesBuildPhase;
			buildActionMask = 2147483647;
			dstPath = "";
			dstSubfolderSpec = 13;
			files = (
				F38BBBE8235D5FB500C087A9 /* WatchNavigation WatchKit Extension.appex in Embed App Extensions */,
			);
			name = "Embed App Extensions";
			runOnlyForDeploymentPostprocessing = 0;
		};
		F38BBBFF235D5FB500C087A9 /* Embed Watch Content */ = {
			isa = PBXCopyFilesBuildPhase;
			buildActionMask = 2147483647;
			dstPath = "$(CONTENTS_FOLDER_PATH)/Watch";
			dstSubfolderSpec = 16;
			files = (
				F38BBBD9235D5FB300C087A9 /* WatchNavigation WatchKit App.app in Embed Watch Content */,
			);
			name = "Embed Watch Content";
			runOnlyForDeploymentPostprocessing = 0;
		};
/* End PBXCopyFilesBuildPhase section */

/* Begin PBXFileReference section */
		F38BBBD4235D5FB200C087A9 /* WatchNavigation.app */ = {isa = PBXFileReference; explicitFileType = wrapper.application; includeInIndex = 0; path = WatchNavigation.app; sourceTree = BUILT_PRODUCTS_DIR; };
		F38BBBD8235D5FB300C087A9 /* WatchNavigation WatchKit App.app */ = {isa = PBXFileReference; explicitFileType = wrapper.application; includeInIndex = 0; path = "WatchNavigation WatchKit App.app"; sourceTree = BUILT_PRODUCTS_DIR; };
		F38BBBDE235D5FB300C087A9 /* Base */ = {isa = PBXFileReference; lastKnownFileType = file.storyboard; name = Base; path = Base.lproj/Interface.storyboard; sourceTree = "<group>"; };
		F38BBBE0235D5FB500C087A9 /* Assets.xcassets */ = {isa = PBXFileReference; lastKnownFileType = folder.assetcatalog; path = Assets.xcassets; sourceTree = "<group>"; };
		F38BBBE2235D5FB500C087A9 /* Info.plist */ = {isa = PBXFileReference; lastKnownFileType = text.plist.xml; path = Info.plist; sourceTree = "<group>"; };
		F38BBBE7235D5FB500C087A9 /* WatchNavigation WatchKit Extension.appex */ = {isa = PBXFileReference; explicitFileType = "wrapper.app-extension"; includeInIndex = 0; path = "WatchNavigation WatchKit Extension.appex"; sourceTree = BUILT_PRODUCTS_DIR; };
		F38BBBEC235D5FB500C087A9 /* InterfaceController.swift */ = {isa = PBXFileReference; lastKnownFileType = sourcecode.swift; path = InterfaceController.swift; sourceTree = "<group>"; };
		F38BBBEE235D5FB500C087A9 /* ExtensionDelegate.swift */ = {isa = PBXFileReference; lastKnownFileType = sourcecode.swift; path = ExtensionDelegate.swift; sourceTree = "<group>"; };
		F38BBBF0235D5FB500C087A9 /* NotificationController.swift */ = {isa = PBXFileReference; lastKnownFileType = sourcecode.swift; path = NotificationController.swift; sourceTree = "<group>"; };
		F38BBBF2235D5FB500C087A9 /* Assets.xcassets */ = {isa = PBXFileReference; lastKnownFileType = folder.assetcatalog; path = Assets.xcassets; sourceTree = "<group>"; };
		F38BBBF4235D5FB500C087A9 /* Info.plist */ = {isa = PBXFileReference; lastKnownFileType = text.plist.xml; path = Info.plist; sourceTree = "<group>"; };
		F38BBBF5235D5FB500C087A9 /* PushNotificationPayload.apns */ = {isa = PBXFileReference; lastKnownFileType = text; path = PushNotificationPayload.apns; sourceTree = "<group>"; };
/* End PBXFileReference section */

/* Begin PBXFrameworksBuildPhase section */
		F38BBBE4235D5FB500C087A9 /* Frameworks */ = {
			isa = PBXFrameworksBuildPhase;
			buildActionMask = 2147483647;
			files = (
			);
			runOnlyForDeploymentPostprocessing = 0;
		};
/* End PBXFrameworksBuildPhase section */

/* Begin PBXGroup section */
		F38BBBCD235D5FB200C087A9 = {
			isa = PBXGroup;
			children = (
				F38BBBDC235D5FB300C087A9 /* WatchNavigation WatchKit App */,
				F38BBBEB235D5FB500C087A9 /* WatchNavigation WatchKit Extension */,
				F38BBBD5235D5FB200C087A9 /* Products */,
			);
			sourceTree = "<group>";
		};
		F38BBBD5235D5FB200C087A9 /* Products */ = {
			isa = PBXGroup;
			children = (
				F38BBBD4235D5FB200C087A9 /* WatchNavigation.app */,
				F38BBBD8235D5FB300C087A9 /* WatchNavigation WatchKit App.app */,
				F38BBBE7235D5FB500C087A9 /* WatchNavigation WatchKit Extension.appex */,
			);
			name = Products;
			sourceTree = "<group>";
		};
		F38BBBDC235D5FB300C087A9 /* WatchNavigation WatchKit App */ = {
			isa = PBXGroup;
			children = (
				F38BBBDD235D5FB300C087A9 /* Interface.storyboard */,
				F38BBBE0235D5FB500C087A9 /* Assets.xcassets */,
				F38BBBE2235D5FB500C087A9 /* Info.plist */,
			);
			path = "WatchNavigation WatchKit App";
			sourceTree = "<group>";
		};
		F38BBBEB235D5FB500C087A9 /* WatchNavigation WatchKit Extension */ = {
			isa = PBXGroup;
			children = (
				F38BBBEC235D5FB500C087A9 /* InterfaceController.swift */,
				F38BBBEE235D5FB500C087A9 /* ExtensionDelegate.swift */,
				F38BBBF0235D5FB500C087A9 /* NotificationController.swift */,
				F38BBBF2235D5FB500C087A9 /* Assets.xcassets */,
				F38BBBF4235D5FB500C087A9 /* Info.plist */,
				F38BBBF5235D5FB500C087A9 /* PushNotificationPayload.apns */,
			);
			path = "WatchNavigation WatchKit Extension";
			sourceTree = "<group>";
		};
/* End PBXGroup section */

/* Begin PBXNativeTarget section */
		F38BBBD3235D5FB200C087A9 /* WatchNavigation */ = {
			isa = PBXNativeTarget;
			buildConfigurationList = F38BBC00235D5FB500C087A9 /* Build configuration list for PBXNativeTarget "WatchNavigation" */;
			buildPhases = (
				F38BBBD2235D5FB200C087A9 /* Resources */,
				F38BBBFF235D5FB500C087A9 /* Embed Watch Content */,
			);
			buildRules = (
			);
			dependencies = (
				F38BBBDB235D5FB300C087A9 /* PBXTargetDependency */,
			);
			name = WatchNavigation;
			productName = WatchNavigation;
			productReference = F38BBBD4235D5FB200C087A9 /* WatchNavigation.app */;
			productType = "com.apple.product-type.application.watchapp2-container";
		};
		F38BBBD7235D5FB300C087A9 /* WatchNavigation WatchKit App */ = {
			isa = PBXNativeTarget;
			buildConfigurationList = F38BBBFC235D5FB500C087A9 /* Build configuration list for PBXNativeTarget "WatchNavigation WatchKit App" */;
			buildPhases = (
				F38BBBD6235D5FB300C087A9 /* Resources */,
				F38BBBFB235D5FB500C087A9 /* Embed App Extensions */,
			);
			buildRules = (
			);
			dependencies = (
				F38BBBEA235D5FB500C087A9 /* PBXTargetDependency */,
			);
			name = "WatchNavigation WatchKit App";
			productName = "WatchNavigation WatchKit App";
			productReference = F38BBBD8235D5FB300C087A9 /* WatchNavigation WatchKit App.app */;
			productType = "com.apple.product-type.application.watchapp2";
		};
		F38BBBE6235D5FB500C087A9 /* WatchNavigation WatchKit Extension */ = {
			isa = PBXNativeTarget;
			buildConfigurationList = F38BBBF8235D5FB500C087A9 /* Build configuration list for PBXNativeTarget "WatchNavigation WatchKit Extension" */;
			buildPhases = (
				F38BBBE3235D5FB500C087A9 /* Sources */,
				F38BBBE4235D5FB500C087A9 /* Frameworks */,
				F38BBBE5235D5FB500C087A9 /* Resources */,
			);
			buildRules = (
			);
			dependencies = (
			);
			name = "WatchNavigation WatchKit Extension";
			productName = "WatchNavigation WatchKit Extension";
			productReference = F38BBBE7235D5FB500C087A9 /* WatchNavigation WatchKit Extension.appex */;
			productType = "com.apple.product-type.watchkit2-extension";
		};
/* End PBXNativeTarget section */

/* Begin PBXProject section */
		F38BBBCE235D5FB200C087A9 /* Project object */ = {
			isa = PBXProject;
			attributes = {
				LastSwiftUpdateCheck = 1100;
				LastUpgradeCheck = 1100;
				ORGANIZATIONNAME = Rajmaurya_Personal_inc;
				TargetAttributes = {
					F38BBBD3235D5FB200C087A9 = {
						CreatedOnToolsVersion = 11.0;
					};
					F38BBBD7235D5FB300C087A9 = {
						CreatedOnToolsVersion = 11.0;
					};
					F38BBBE6235D5FB500C087A9 = {
						CreatedOnToolsVersion = 11.0;
					};
				};
			};
			buildConfigurationList = F38BBBD1235D5FB200C087A9 /* Build configuration list for PBXProject "WatchNavigation" */;
			compatibilityVersion = "Xcode 9.3";
			developmentRegion = en;
			hasScannedForEncodings = 0;
			knownRegions = (
				en,
				Base,
			);
			mainGroup = F38BBBCD235D5FB200C087A9;
			productRefGroup = F38BBBD5235D5FB200C087A9 /* Products */;
			projectDirPath = "";
			projectRoot = "";
			targets = (
				F38BBBD3235D5FB200C087A9 /* WatchNavigation */,
				F38BBBD7235D5FB300C087A9 /* WatchNavigation WatchKit App */,
				F38BBBE6235D5FB500C087A9 /* WatchNavigation WatchKit Extension */,
			);
		};
/* End PBXProject section */

/* Begin PBXResourcesBuildPhase section */
		F38BBBD2235D5FB200C087A9 /* Resources */ = {
			isa = PBXResourcesBuildPhase;
			buildActionMask = 2147483647;
			files = (
			);
			runOnlyForDeploymentPostprocessing = 0;
		};
		F38BBBD6235D5FB300C087A9 /* Resources */ = {
			isa = PBXResourcesBuildPhase;
			buildActionMask = 2147483647;
			files = (
				F38BBBE1235D5FB500C087A9 /* Assets.xcassets in Resources */,
				F38BBBDF235D5FB300C087A9 /* Interface.storyboard in Resources */,
			);
			runOnlyForDeploymentPostprocessing = 0;
		};
		F38BBBE5235D5FB500C087A9 /* Resources */ = {
			isa = PBXResourcesBuildPhase;
			buildActionMask = 2147483647;
			files = (
				F38BBBF3235D5FB500C087A9 /* Assets.xcassets in Resources */,
			);
			runOnlyForDeploymentPostprocessing = 0;
		};
/* End PBXResourcesBuildPhase section */

/* Begin PBXSourcesBuildPhase section */
		F38BBBE3235D5FB500C087A9 /* Sources */ = {
			isa = PBXSourcesBuildPhase;
			buildActionMask = 2147483647;
			files = (
				F38BBBF1235D5FB500C087A9 /* NotificationController.swift in Sources */,
				F38BBBEF235D5FB500C087A9 /* ExtensionDelegate.swift in Sources */,
				F38BBBED235D5FB500C087A9 /* InterfaceController.swift in Sources */,
			);
			runOnlyForDeploymentPostprocessing = 0;
		};
/* End PBXSourcesBuildPhase section */

/* Begin PBXTargetDependency section */
		F38BBBDB235D5FB300C087A9 /* PBXTargetDependency */ = {
			isa = PBXTargetDependency;
			target = F38BBBD7235D5FB300C087A9 /* WatchNavigation WatchKit App */;
			targetProxy = F38BBBDA235D5FB300C087A9 /* PBXContainerItemProxy */;
		};
		F38BBBEA235D5FB500C087A9 /* PBXTargetDependency */ = {
			isa = PBXTargetDependency;
			target = F38BBBE6235D5FB500C087A9 /* WatchNavigation WatchKit Extension */;
			targetProxy = F38BBBE9235D5FB500C087A9 /* PBXContainerItemProxy */;
		};
/* End PBXTargetDependency section */

/* Begin PBXVariantGroup section */
		F38BBBDD235D5FB300C087A9 /* Interface.storyboard */ = {
			isa = PBXVariantGroup;
			children = (
				F38BBBDE235D5FB300C087A9 /* Base */,
			);
			name = Interface.storyboard;
			sourceTree = "<group>";
		};
/* End PBXVariantGroup section */

/* Begin XCBuildConfiguration section */
		F38BBBF6235D5FB500C087A9 /* Debug */ = {
			isa = XCBuildConfiguration;
			buildSettings = {
				ALWAYS_SEARCH_USER_PATHS = NO;
				CLANG_ANALYZER_NONNULL = YES;
				CLANG_ANALYZER_NUMBER_OBJECT_CONVERSION = YES_AGGRESSIVE;
				CLANG_CXX_LANGUAGE_STANDARD = "gnu++14";
				CLANG_CXX_LIBRARY = "libc++";
				CLANG_ENABLE_MODULES = YES;
				CLANG_ENABLE_OBJC_ARC = YES;
				CLANG_ENABLE_OBJC_WEAK = YES;
				CLANG_WARN_BLOCK_CAPTURE_AUTORELEASING = YES;
				CLANG_WARN_BOOL_CONVERSION = YES;
				CLANG_WARN_COMMA = YES;
				CLANG_WARN_CONSTANT_CONVERSION = YES;
				CLANG_WARN_DEPRECATED_OBJC_IMPLEMENTATIONS = YES;
				CLANG_WARN_DIRECT_OBJC_ISA_USAGE = YES_ERROR;
				CLANG_WARN_DOCUMENTATION_COMMENTS = YES;
				CLANG_WARN_EMPTY_BODY = YES;
				CLANG_WARN_ENUM_CONVERSION = YES;
				CLANG_WARN_INFINITE_RECURSION = YES;
				CLANG_WARN_INT_CONVERSION = YES;
				CLANG_WARN_NON_LITERAL_NULL_CONVERSION = YES;
				CLANG_WARN_OBJC_IMPLICIT_RETAIN_SELF = YES;
				CLANG_WARN_OBJC_LITERAL_CONVERSION = YES;
				CLANG_WARN_OBJC_ROOT_CLASS = YES_ERROR;
				CLANG_WARN_RANGE_LOOP_ANALYSIS = YES;
				CLANG_WARN_STRICT_PROTOTYPES = YES;
				CLANG_WARN_SUSPICIOUS_MOVE = YES;
				CLANG_WARN_UNGUARDED_AVAILABILITY = YES_AGGRESSIVE;
				CLANG_WARN_UNREACHABLE_CODE = YES;
				CLANG_WARN__DUPLICATE_METHOD_MATCH = YES;
				COPY_PHASE_STRIP = NO;
				DEBUG_INFORMATION_FORMAT = dwarf;
				ENABLE_STRICT_OBJC_MSGSEND = YES;
				ENABLE_TESTABILITY = YES;
				GCC_C_LANGUAGE_STANDARD = gnu11;
				GCC_DYNAMIC_NO_PIC = NO;
				GCC_NO_COMMON_BLOCKS = YES;
				GCC_OPTIMIZATION_LEVEL = 0;
				GCC_PREPROCESSOR_DEFINITIONS = (
					"DEBUG=1",
					"$(inherited)",
				);
				GCC_WARN_64_TO_32_BIT_CONVERSION = YES;
				GCC_WARN_ABOUT_RETURN_TYPE = YES_ERROR;
				GCC_WARN_UNDECLARED_SELECTOR = YES;
				GCC_WARN_UNINITIALIZED_AUTOS = YES_AGGRESSIVE;
				GCC_WARN_UNUSED_FUNCTION = YES;
				GCC_WARN_UNUSED_VARIABLE = YES;
				MTL_ENABLE_DEBUG_INFO = INCLUDE_SOURCE;
				MTL_FAST_MATH = YES;
				ONLY_ACTIVE_ARCH = YES;
				SDKROOT = iphoneos;
				SWIFT_ACTIVE_COMPILATION_CONDITIONS = DEBUG;
				SWIFT_OPTIMIZATION_LEVEL = "-Onone";
			};
			name = Debug;
		};
		F38BBBF7235D5FB500C087A9 /* Release */ = {
			isa = XCBuildConfiguration;
			buildSettings = {
				ALWAYS_SEARCH_USER_PATHS = NO;
				CLANG_ANALYZER_NONNULL = YES;
				CLANG_ANALYZER_NUMBER_OBJECT_CONVERSION = YES_AGGRESSIVE;
				CLANG_CXX_LANGUAGE_STANDARD = "gnu++14";
				CLANG_CXX_LIBRARY = "libc++";
				CLANG_ENABLE_MODULES = YES;
				CLANG_ENABLE_OBJC_ARC = YES;
				CLANG_ENABLE_OBJC_WEAK = YES;
				CLANG_WARN_BLOCK_CAPTURE_AUTORELEASING = YES;
				CLANG_WARN_BOOL_CONVERSION = YES;
				CLANG_WARN_COMMA = YES;
				CLANG_WARN_CONSTANT_CONVERSION = YES;
				CLANG_WARN_DEPRECATED_OBJC_IMPLEMENTATIONS = YES;
				CLANG_WARN_DIRECT_OBJC_ISA_USAGE = YES_ERROR;
				CLANG_WARN_DOCUMENTATION_COMMENTS = YES;
				CLANG_WARN_EMPTY_BODY = YES;
				CLANG_WARN_ENUM_CONVERSION = YES;
				CLANG_WARN_INFINITE_RECURSION = YES;
				CLANG_WARN_INT_CONVERSION = YES;
				CLANG_WARN_NON_LITERAL_NULL_CONVERSION = YES;
				CLANG_WARN_OBJC_IMPLICIT_RETAIN_SELF = YES;
				CLANG_WARN_OBJC_LITERAL_CONVERSION = YES;
				CLANG_WARN_OBJC_ROOT_CLASS = YES_ERROR;
				CLANG_WARN_RANGE_LOOP_ANALYSIS = YES;
				CLANG_WARN_STRICT_PROTOTYPES = YES;
				CLANG_WARN_SUSPICIOUS_MOVE = YES;
				CLANG_WARN_UNGUARDED_AVAILABILITY = YES_AGGRESSIVE;
				CLANG_WARN_UNREACHABLE_CODE = YES;
				CLANG_WARN__DUPLICATE_METHOD_MATCH = YES;
				COPY_PHASE_STRIP = NO;
				DEBUG_INFORMATION_FORMAT = "dwarf-with-dsym";
				ENABLE_NS_ASSERTIONS = NO;
				ENABLE_STRICT_OBJC_MSGSEND = YES;
				GCC_C_LANGUAGE_STANDARD = gnu11;
				GCC_NO_COMMON_BLOCKS = YES;
				GCC_WARN_64_TO_32_BIT_CONVERSION = YES;
				GCC_WARN_ABOUT_RETURN_TYPE = YES_ERROR;
				GCC_WARN_UNDECLARED_SELECTOR = YES;
				GCC_WARN_UNINITIALIZED_AUTOS = YES_AGGRESSIVE;
				GCC_WARN_UNUSED_FUNCTION = YES;
				GCC_WARN_UNUSED_VARIABLE = YES;
				MTL_ENABLE_DEBUG_INFO = NO;
				MTL_FAST_MATH = YES;
				SDKROOT = iphoneos;
				SWIFT_COMPILATION_MODE = wholemodule;
				SWIFT_OPTIMIZATION_LEVEL = "-O";
				VALIDATE_PRODUCT = YES;
			};
			name = Release;
		};
		F38BBBF9235D5FB500C087A9 /* Debug */ = {
			isa = XCBuildConfiguration;
			buildSettings = {
				ASSETCATALOG_COMPILER_COMPLICATION_NAME = Complication;
				CODE_SIGN_STYLE = Automatic;
				DEVELOPMENT_TEAM = 9L4QA9SNQK;
				INFOPLIST_FILE = "WatchNavigation WatchKit Extension/Info.plist";
				LD_RUNPATH_SEARCH_PATHS = (
					"$(inherited)",
					"@executable_path/Frameworks",
					"@executable_path/../../Frameworks",
				);
				PRODUCT_BUNDLE_IDENTIFIER = "BlueNRG-Mesh-Watch.WatchNavigation.watchkitapp.watchkitextension";
				PRODUCT_NAME = "${TARGET_NAME}";
				SDKROOT = watchos;
				SKIP_INSTALL = YES;
				SWIFT_VERSION = 5.0;
				TARGETED_DEVICE_FAMILY = 4;
				WATCHOS_DEPLOYMENT_TARGET = 6.0;
			};
			name = Debug;
		};
		F38BBBFA235D5FB500C087A9 /* Release */ = {
			isa = XCBuildConfiguration;
			buildSettings = {
				ASSETCATALOG_COMPILER_COMPLICATION_NAME = Complication;
				CODE_SIGN_STYLE = Automatic;
				DEVELOPMENT_TEAM = 9L4QA9SNQK;
				INFOPLIST_FILE = "WatchNavigation WatchKit Extension/Info.plist";
				LD_RUNPATH_SEARCH_PATHS = (
					"$(inherited)",
					"@executable_path/Frameworks",
					"@executable_path/../../Frameworks",
				);
				PRODUCT_BUNDLE_IDENTIFIER = "BlueNRG-Mesh-Watch.WatchNavigation.watchkitapp.watchkitextension";
				PRODUCT_NAME = "${TARGET_NAME}";
				SDKROOT = watchos;
				SKIP_INSTALL = YES;
				SWIFT_VERSION = 5.0;
				TARGETED_DEVICE_FAMILY = 4;
				WATCHOS_DEPLOYMENT_TARGET = 6.0;
			};
			name = Release;
		};
		F38BBBFD235D5FB500C087A9 /* Debug */ = {
			isa = XCBuildConfiguration;
			buildSettings = {
				ALWAYS_EMBED_SWIFT_STANDARD_LIBRARIES = YES;
				ASSETCATALOG_COMPILER_APPICON_NAME = AppIcon;
				CODE_SIGN_STYLE = Automatic;
				DEVELOPMENT_TEAM = 9L4QA9SNQK;
				IBSC_MODULE = WatchNavigation_WatchKit_Extension;
				INFOPLIST_FILE = "WatchNavigation WatchKit App/Info.plist";
				PRODUCT_BUNDLE_IDENTIFIER = "BlueNRG-Mesh-Watch.WatchNavigation.watchkitapp";
				PRODUCT_NAME = "$(TARGET_NAME)";
				SDKROOT = watchos;
				SKIP_INSTALL = YES;
				SWIFT_VERSION = 5.0;
				TARGETED_DEVICE_FAMILY = 4;
				WATCHOS_DEPLOYMENT_TARGET = 6.0;
			};
			name = Debug;
		};
		F38BBBFE235D5FB500C087A9 /* Release */ = {
			isa = XCBuildConfiguration;
			buildSettings = {
				ALWAYS_EMBED_SWIFT_STANDARD_LIBRARIES = YES;
				ASSETCATALOG_COMPILER_APPICON_NAME = AppIcon;
				CODE_SIGN_STYLE = Automatic;
				DEVELOPMENT_TEAM = 9L4QA9SNQK;
				IBSC_MODULE = WatchNavigation_WatchKit_Extension;
				INFOPLIST_FILE = "WatchNavigation WatchKit App/Info.plist";
				PRODUCT_BUNDLE_IDENTIFIER = "BlueNRG-Mesh-Watch.WatchNavigation.watchkitapp";
				PRODUCT_NAME = "$(TARGET_NAME)";
				SDKROOT = watchos;
				SKIP_INSTALL = YES;
				SWIFT_VERSION = 5.0;
				TARGETED_DEVICE_FAMILY = 4;
				WATCHOS_DEPLOYMENT_TARGET = 6.0;
			};
			name = Release;
		};
		F38BBC01235D5FB500C087A9 /* Debug */ = {
			isa = XCBuildConfiguration;
			buildSettings = {
				CODE_SIGN_STYLE = Automatic;
				CURRENT_PROJECT_VERSION = 1;
				DEVELOPMENT_TEAM = 9L4QA9SNQK;
				MARKETING_VERSION = 1.0;
				PRODUCT_BUNDLE_IDENTIFIER = "BlueNRG-Mesh-Watch.WatchNavigation";
				PRODUCT_NAME = "$(TARGET_NAME)";
				SWIFT_VERSION = 5.0;
			};
			name = Debug;
		};
		F38BBC02235D5FB500C087A9 /* Release */ = {
			isa = XCBuildConfiguration;
			buildSettings = {
				CODE_SIGN_STYLE = Automatic;
				CURRENT_PROJECT_VERSION = 1;
				DEVELOPMENT_TEAM = 9L4QA9SNQK;
				MARKETING_VERSION = 1.0;
				PRODUCT_BUNDLE_IDENTIFIER = "BlueNRG-Mesh-Watch.WatchNavigation";
				PRODUCT_NAME = "$(TARGET_NAME)";
				SWIFT_VERSION = 5.0;
			};
			name = Release;
		};
/* End XCBuildConfiguration section */

/* Begin XCConfigurationList section */
		F38BBBD1235D5FB200C087A9 /* Build configuration list for PBXProject "WatchNavigation" */ = {
			isa = XCConfigurationList;
			buildConfigurations = (
				F38BBBF6235D5FB500C087A9 /* Debug */,
				F38BBBF7235D5FB500C087A9 /* Release */,
			);
			defaultConfigurationIsVisible = 0;
			defaultConfigurationName = Release;
		};
		F38BBBF8235D5FB500C087A9 /* Build configuration list for PBXNativeTarget "WatchNavigation WatchKit Extension" */ = {
			isa = XCConfigurationList;
			buildConfigurations = (
				F38BBBF9235D5FB500C087A9 /* Debug */,
				F38BBBFA235D5FB500C087A9 /* Release */,
			);
			defaultConfigurationIsVisible = 0;
			defaultConfigurationName = Release;
		};
		F38BBBFC235D5FB500C087A9 /* Build configuration list for PBXNativeTarget "WatchNavigation WatchKit App" */ = {
			isa = XCConfigurationList;
			buildConfigurations = (
				F38BBBFD235D5FB500C087A9 /* Debug */,
				F38BBBFE235D5FB500C087A9 /* Release */,
			);
			defaultConfigurationIsVisible = 0;
			defaultConfigurationName = Release;
		};
		F38BBC00235D5FB500C087A9 /* Build configuration list for PBXNativeTarget "WatchNavigation" */ = {
			isa = XCConfigurationList;
			buildConfigurations = (
				F38BBC01235D5FB500C087A9 /* Debug */,
				F38BBC02235D5FB500C087A9 /* Release */,
			);
			defaultConfigurationIsVisible = 0;
			defaultConfigurationName = Release;
		};
/* End XCConfigurationList section */
	};
	rootObject = F38BBBCE235D5FB200C087A9 /* Project object */;
}
